
Microsoft Visual Studio Solution File, Format Version 12.00
# Visual Studio 2013
VisualStudioVersion = 12.0.0.0
MinimumVisualStudioVersion = 10.0.0.1
Project("{FAE04EC0-301F-11D3-BF4B-00C04F79EFBC}") = "DSLink.SDK", "DSLink.SDK\DSLink.SDK.csproj", "{B40430E7-EDF3-4BFC-B336-96CA0AB2FBA2}"
EndProject
Project("{FAE04EC0-301F-11D3-BF4B-00C04F79EFBC}") = "DSLink.SDK.Test", "DSLink.SDK.Test\DSLink.SDK.Test.csproj", "{A45C4E98-3F03-4C10-860E-3FE202C48CDC}"
EndProject
Project("{FAE04EC0-301F-11D3-BF4B-00C04F79EFBC}") = "DSLink.SDK.Examples.RNG", "DSLink.SDK.Examples.RNG\DSLink.SDK.Examples.RNG.csproj", "{CF54D2D1-1F6A-4B95-B6B3-B8AE8BD3DE9F}"
EndProject
Project("{2150E333-8FDC-42A3-9474-1A3956D46DE8}") = "DSLink.SDK", "DSLink.SDK", "{9B594A36-708D-4E42-A461-3726C6216438}"
EndProject
Project("{2150E333-8FDC-42A3-9474-1A3956D46DE8}") = "Examples", "Examples", "{678DBCEA-CD8F-482B-960B-2B1DD9533974}"
EndProject
Global
	GlobalSection(SolutionConfigurationPlatforms) = preSolution
		Debug|Any CPU = Debug|Any CPU
		Release|Any CPU = Release|Any CPU
	EndGlobalSection
	GlobalSection(ProjectConfigurationPlatforms) = postSolution
		{B40430E7-EDF3-4BFC-B336-96CA0AB2FBA2}.Debug|Any CPU.ActiveCfg = Debug|Any CPU
		{B40430E7-EDF3-4BFC-B336-96CA0AB2FBA2}.Debug|Any CPU.Build.0 = Debug|Any CPU
		{B40430E7-EDF3-4BFC-B336-96CA0AB2FBA2}.Release|Any CPU.ActiveCfg = Release|Any CPU
		{B40430E7-EDF3-4BFC-B336-96CA0AB2FBA2}.Release|Any CPU.Build.0 = Release|Any CPU
		{A45C4E98-3F03-4C10-860E-3FE202C48CDC}.Debug|Any CPU.ActiveCfg = Debug|Any CPU
		{A45C4E98-3F03-4C10-860E-3FE202C48CDC}.Debug|Any CPU.Build.0 = Debug|Any CPU
		{A45C4E98-3F03-4C10-860E-3FE202C48CDC}.Release|Any CPU.ActiveCfg = Release|Any CPU
		{A45C4E98-3F03-4C10-860E-3FE202C48CDC}.Release|Any CPU.Build.0 = Release|Any CPU
		{CF54D2D1-1F6A-4B95-B6B3-B8AE8BD3DE9F}.Debug|Any CPU.ActiveCfg = Debug|Any CPU
		{CF54D2D1-1F6A-4B95-B6B3-B8AE8BD3DE9F}.Debug|Any CPU.Build.0 = Debug|Any CPU
		{CF54D2D1-1F6A-4B95-B6B3-B8AE8BD3DE9F}.Release|Any CPU.ActiveCfg = Release|Any CPU
		{CF54D2D1-1F6A-4B95-B6B3-B8AE8BD3DE9F}.Release|Any CPU.Build.0 = Release|Any CPU
	EndGlobalSection
	GlobalSection(SolutionProperties) = preSolution
		HideSolutionNode = FALSE
	EndGlobalSection
	GlobalSection(NestedProjects) = preSolution
		{B40430E7-EDF3-4BFC-B336-96CA0AB2FBA2} = {9B594A36-708D-4E42-A461-3726C6216438}
		{A45C4E98-3F03-4C10-860E-3FE202C48CDC} = {9B594A36-708D-4E42-A461-3726C6216438}
		{678DBCEA-CD8F-482B-960B-2B1DD9533974} = {9B594A36-708D-4E42-A461-3726C6216438}
		{CF54D2D1-1F6A-4B95-B6B3-B8AE8BD3DE9F} = {678DBCEA-CD8F-482B-960B-2B1DD9533974}
	EndGlobalSection
EndGlobal
